// !$*UTF8*$!
{
	archiveVersion = 1;
	classes = {
	};
	objectVersion = 55;
	objects = {

/* Begin PBXBuildFile section */
		5B9A6F112855D81F0068CECA /* ToDoApp.swift in Sources */ = {isa = PBXBuildFile; fileRef = 5B9A6F102855D81F0068CECA /* ToDoApp.swift */; };
		5B9A6F132855D81F0068CECA /* ToDoContentView.swift in Sources */ = {isa = PBXBuildFile; fileRef = 5B9A6F122855D81F0068CECA /* ToDoContentView.swift */; };
		5B9A6F152855D8210068CECA /* Assets.xcassets in Resources */ = {isa = PBXBuildFile; fileRef = 5B9A6F142855D8210068CECA /* Assets.xcassets */; };
		5B9A6F182855D8210068CECA /* Preview Assets.xcassets in Resources */ = {isa = PBXBuildFile; fileRef = 5B9A6F172855D8210068CECA /* Preview Assets.xcassets */; };
		5B9A6F1F2855D96A0068CECA /* Launch Screen.storyboard in Resources */ = {isa = PBXBuildFile; fileRef = 5B9A6F1E2855D96A0068CECA /* Launch Screen.storyboard */; };
		5B9A6F222855DAE90068CECA /* Realm in Frameworks */ = {isa = PBXBuildFile; productRef = 5B9A6F212855DAE90068CECA /* Realm */; };
		5B9A6F242855DAE90068CECA /* RealmSwift in Frameworks */ = {isa = PBXBuildFile; productRef = 5B9A6F232855DAE90068CECA /* RealmSwift */; };
		5B9A6F272855DAFB0068CECA /* ToDo.swift in Sources */ = {isa = PBXBuildFile; fileRef = 5B9A6F262855DAFB0068CECA /* ToDo.swift */; };
		5B9A6F2A28565BC30068CECA /* ToDoListRow.swift in Sources */ = {isa = PBXBuildFile; fileRef = 5B9A6F2928565BC30068CECA /* ToDoListRow.swift */; };
		5B9A6F2C28572AF90068CECA /* sheetView.swift in Sources */ = {isa = PBXBuildFile; fileRef = 5B9A6F2B28572AF90068CECA /* sheetView.swift */; };
/* End PBXBuildFile section */

/* Begin PBXFileReference section */
		5B9A6F0D2855D81F0068CECA /* ToDo.app */ = {isa = PBXFileReference; explicitFileType = wrapper.application; includeInIndex = 0; path = ToDo.app; sourceTree = BUILT_PRODUCTS_DIR; };
		5B9A6F102855D81F0068CECA /* ToDoApp.swift */ = {isa = PBXFileReference; lastKnownFileType = sourcecode.swift; path = ToDoApp.swift; sourceTree = "<group>"; };
		5B9A6F122855D81F0068CECA /* ToDoContentView.swift */ = {isa = PBXFileReference; lastKnownFileType = sourcecode.swift; path = ToDoContentView.swift; sourceTree = "<group>"; };
		5B9A6F142855D8210068CECA /* Assets.xcassets */ = {isa = PBXFileReference; lastKnownFileType = folder.assetcatalog; path = Assets.xcassets; sourceTree = "<group>"; };
		5B9A6F172855D8210068CECA /* Preview Assets.xcassets */ = {isa = PBXFileReference; lastKnownFileType = folder.assetcatalog; path = "Preview Assets.xcassets"; sourceTree = "<group>"; };
		5B9A6F1E2855D96A0068CECA /* Launch Screen.storyboard */ = {isa = PBXFileReference; lastKnownFileType = file.storyboard; path = "Launch Screen.storyboard"; sourceTree = "<group>"; };
		5B9A6F262855DAFB0068CECA /* ToDo.swift */ = {isa = PBXFileReference; lastKnownFileType = sourcecode.swift; path = ToDo.swift; sourceTree = "<group>"; };
		5B9A6F2928565BC30068CECA /* ToDoListRow.swift */ = {isa = PBXFileReference; lastKnownFileType = sourcecode.swift; path = ToDoListRow.swift; sourceTree = "<group>"; };
		5B9A6F2B28572AF90068CECA /* sheetView.swift */ = {isa = PBXFileReference; lastKnownFileType = sourcecode.swift; path = sheetView.swift; sourceTree = "<group>"; };
/* End PBXFileReference section */

/* Begin PBXFrameworksBuildPhase section */
		5B9A6F0A2855D81F0068CECA /* Frameworks */ = {
			isa = PBXFrameworksBuildPhase;
			buildActionMask = 2147483647;
			files = (
				5B9A6F242855DAE90068CECA /* RealmSwift in Frameworks */,
				5B9A6F222855DAE90068CECA /* Realm in Frameworks */,
			);
			runOnlyForDeploymentPostprocessing = 0;
		};
/* End PBXFrameworksBuildPhase section */

/* Begin PBXGroup section */
		5B9A6F042855D81F0068CECA = {
			isa = PBXGroup;
			children = (
				5B9A6F0F2855D81F0068CECA /* ToDo */,
				5B9A6F0E2855D81F0068CECA /* Products */,
			);
			sourceTree = "<group>";
		};
		5B9A6F0E2855D81F0068CECA /* Products */ = {
			isa = PBXGroup;
			children = (
				5B9A6F0D2855D81F0068CECA /* ToDo.app */,
			);
			name = Products;
			sourceTree = "<group>";
		};
		5B9A6F0F2855D81F0068CECA /* ToDo */ = {
			isa = PBXGroup;
			children = (
				5B9A6F252855DAED0068CECA /* Models */,
				5B9A6F2828565B990068CECA /* Views */,
				5B9A6F102855D81F0068CECA /* ToDoApp.swift */,
				5B9A6F2B28572AF90068CECA /* sheetView.swift */,
				5B9A6F1E2855D96A0068CECA /* Launch Screen.storyboard */,
				5B9A6F142855D8210068CECA /* Assets.xcassets */,
				5B9A6F162855D8210068CECA /* Preview Content */,
			);
			path = ToDo;
			sourceTree = "<group>";
		};
		5B9A6F162855D8210068CECA /* Preview Content */ = {
			isa = PBXGroup;
			children = (
				5B9A6F172855D8210068CECA /* Preview Assets.xcassets */,
			);
			path = "Preview Content";
			sourceTree = "<group>";
		};
		5B9A6F252855DAED0068CECA /* Models */ = {
			isa = PBXGroup;
			children = (
				5B9A6F262855DAFB0068CECA /* ToDo.swift */,
			);
			path = Models;
			sourceTree = "<group>";
		};
		5B9A6F2828565B990068CECA /* Views */ = {
			isa = PBXGroup;
			children = (
				5B9A6F122855D81F0068CECA /* ToDoContentView.swift */,
				5B9A6F2928565BC30068CECA /* ToDoListRow.swift */,
			);
			path = Views;
			sourceTree = "<group>";
		};
/* End PBXGroup section */

/* Begin PBXNativeTarget section */
		5B9A6F0C2855D81F0068CECA /* ToDo */ = {
			isa = PBXNativeTarget;
			buildConfigurationList = 5B9A6F1B2855D8210068CECA /* Build configuration list for PBXNativeTarget "ToDo" */;
			buildPhases = (
				5B9A6F092855D81F0068CECA /* Sources */,
				5B9A6F0A2855D81F0068CECA /* Frameworks */,
				5B9A6F0B2855D81F0068CECA /* Resources */,
			);
			buildRules = (
			);
			dependencies = (
			);
			name = ToDo;
			packageProductDependencies = (
				5B9A6F212855DAE90068CECA /* Realm */,
				5B9A6F232855DAE90068CECA /* RealmSwift */,
			);
			productName = ToDo;
			productReference = 5B9A6F0D2855D81F0068CECA /* ToDo.app */;
			productType = "com.apple.product-type.application";
		};
/* End PBXNativeTarget section */

/* Begin PBXProject section */
		5B9A6F052855D81F0068CECA /* Project object */ = {
			isa = PBXProject;
			attributes = {
				BuildIndependentTargetsInParallel = 1;
				LastSwiftUpdateCheck = 1340;
				LastUpgradeCheck = 1340;
				TargetAttributes = {
					5B9A6F0C2855D81F0068CECA = {
						CreatedOnToolsVersion = 13.4.1;
					};
				};
			};
			buildConfigurationList = 5B9A6F082855D81F0068CECA /* Build configuration list for PBXProject "ToDo" */;
			compatibilityVersion = "Xcode 13.0";
			developmentRegion = en;
			hasScannedForEncodings = 0;
			knownRegions = (
				en,
				Base,
			);
			mainGroup = 5B9A6F042855D81F0068CECA;
			packageReferences = (
				5B9A6F202855DAE90068CECA /* XCRemoteSwiftPackageReference "realm-swift" */,
			);
			productRefGroup = 5B9A6F0E2855D81F0068CECA /* Products */;
			projectDirPath = "";
			projectRoot = "";
			targets = (
				5B9A6F0C2855D81F0068CECA /* ToDo */,
			);
		};
/* End PBXProject section */

/* Begin PBXResourcesBuildPhase section */
		5B9A6F0B2855D81F0068CECA /* Resources */ = {
			isa = PBXResourcesBuildPhase;
			buildActionMask = 2147483647;
			files = (
				5B9A6F1F2855D96A0068CECA /* Launch Screen.storyboard in Resources */,
				5B9A6F182855D8210068CECA /* Preview Assets.xcassets in Resources */,
				5B9A6F152855D8210068CECA /* Assets.xcassets in Resources */,
			);
			runOnlyForDeploymentPostprocessing = 0;
		};
/* End PBXResourcesBuildPhase section */

/* Begin PBXSourcesBuildPhase section */
		5B9A6F092855D81F0068CECA /* Sources */ = {
			isa = PBXSourcesBuildPhase;
			buildActionMask = 2147483647;
			files = (
				5B9A6F2C28572AF90068CECA /* sheetView.swift in Sources */,
				5B9A6F272855DAFB0068CECA /* ToDo.swift in Sources */,
				5B9A6F132855D81F0068CECA /* ToDoContentView.swift in Sources */,
				5B9A6F2A28565BC30068CECA /* ToDoListRow.swift in Sources */,
				5B9A6F112855D81F0068CECA /* ToDoApp.swift in Sources */,
			);
			runOnlyForDeploymentPostprocessing = 0;
		};
/* End PBXSourcesBuildPhase section */

/* Begin XCBuildConfiguration section */
		5B9A6F192855D8210068CECA /* Debug */ = {
			isa = XCBuildConfiguration;
			buildSettings = {
				ALWAYS_SEARCH_USER_PATHS = NO;
				CLANG_ANALYZER_NONNULL = YES;
				CLANG_ANALYZER_NUMBER_OBJECT_CONVERSION = YES_AGGRESSIVE;
				CLANG_CXX_LANGUAGE_STANDARD = "gnu++17";
				CLANG_ENABLE_MODULES = YES;
				CLANG_ENABLE_OBJC_ARC = YES;
				CLANG_ENABLE_OBJC_WEAK = YES;
				CLANG_WARN_BLOCK_CAPTURE_AUTORELEASING = YES;
				CLANG_WARN_BOOL_CONVERSION = YES;
				CLANG_WARN_COMMA = YES;
				CLANG_WARN_CONSTANT_CONVERSION = YES;
				CLANG_WARN_DEPRECATED_OBJC_IMPLEMENTATIONS = YES;
				CLANG_WARN_DIRECT_OBJC_ISA_USAGE = YES_ERROR;
				CLANG_WARN_DOCUMENTATION_COMMENTS = YES;
				CLANG_WARN_EMPTY_BODY = YES;
				CLANG_WARN_ENUM_CONVERSION = YES;
				CLANG_WARN_INFINITE_RECURSION = YES;
				CLANG_WARN_INT_CONVERSION = YES;
				CLANG_WARN_NON_LITERAL_NULL_CONVERSION = YES;
				CLANG_WARN_OBJC_IMPLICIT_RETAIN_SELF = YES;
				CLANG_WARN_OBJC_LITERAL_CONVERSION = YES;
				CLANG_WARN_OBJC_ROOT_CLASS = YES_ERROR;
				CLANG_WARN_QUOTED_INCLUDE_IN_FRAMEWORK_HEADER = YES;
				CLANG_WARN_RANGE_LOOP_ANALYSIS = YES;
				CLANG_WARN_STRICT_PROTOTYPES = YES;
				CLANG_WARN_SUSPICIOUS_MOVE = YES;
				CLANG_WARN_UNGUARDED_AVAILABILITY = YES_AGGRESSIVE;
				CLANG_WARN_UNREACHABLE_CODE = YES;
				CLANG_WARN__DUPLICATE_METHOD_MATCH = YES;
				COPY_PHASE_STRIP = NO;
				DEBUG_INFORMATION_FORMAT = dwarf;
				ENABLE_STRICT_OBJC_MSGSEND = YES;
				ENABLE_TESTABILITY = YES;
				GCC_C_LANGUAGE_STANDARD = gnu11;
				GCC_DYNAMIC_NO_PIC = NO;
				GCC_NO_COMMON_BLOCKS = YES;
				GCC_OPTIMIZATION_LEVEL = 0;
				GCC_PREPROCESSOR_DEFINITIONS = (
					"DEBUG=1",
					"$(inherited)",
				);
				GCC_WARN_64_TO_32_BIT_CONVERSION = YES;
				GCC_WARN_ABOUT_RETURN_TYPE = YES_ERROR;
				GCC_WARN_UNDECLARED_SELECTOR = YES;
				GCC_WARN_UNINITIALIZED_AUTOS = YES_AGGRESSIVE;
				GCC_WARN_UNUSED_FUNCTION = YES;
				GCC_WARN_UNUSED_VARIABLE = YES;
				IPHONEOS_DEPLOYMENT_TARGET = 15.5;
				MTL_ENABLE_DEBUG_INFO = INCLUDE_SOURCE;
				MTL_FAST_MATH = YES;
				ONLY_ACTIVE_ARCH = YES;
				SDKROOT = iphoneos;
				SWIFT_ACTIVE_COMPILATION_CONDITIONS = DEBUG;
				SWIFT_OPTIMIZATION_LEVEL = "-Onone";
			};
			name = Debug;
		};
		5B9A6F1A2855D8210068CECA /* Release */ = {
			isa = XCBuildConfiguration;
			buildSettings = {
				ALWAYS_SEARCH_USER_PATHS = NO;
				CLANG_ANALYZER_NONNULL = YES;
				CLANG_ANALYZER_NUMBER_OBJECT_CONVERSION = YES_AGGRESSIVE;
				CLANG_CXX_LANGUAGE_STANDARD = "gnu++17";
				CLANG_ENABLE_MODULES = YES;
				CLANG_ENABLE_OBJC_ARC = YES;
				CLANG_ENABLE_OBJC_WEAK = YES;
				CLANG_WARN_BLOCK_CAPTURE_AUTORELEASING = YES;
				CLANG_WARN_BOOL_CONVERSION = YES;
				CLANG_WARN_COMMA = YES;
				CLANG_WARN_CONSTANT_CONVERSION = YES;
				CLANG_WARN_DEPRECATED_OBJC_IMPLEMENTATIONS = YES;
				CLANG_WARN_DIRECT_OBJC_ISA_USAGE = YES_ERROR;
				CLANG_WARN_DOCUMENTATION_COMMENTS = YES;
				CLANG_WARN_EMPTY_BODY = YES;
				CLANG_WARN_ENUM_CONVERSION = YES;
				CLANG_WARN_INFINITE_RECURSION = YES;
				CLANG_WARN_INT_CONVERSION = YES;
				CLANG_WARN_NON_LITERAL_NULL_CONVERSION = YES;
				CLANG_WARN_OBJC_IMPLICIT_RETAIN_SELF = YES;
				CLANG_WARN_OBJC_LITERAL_CONVERSION = YES;
				CLANG_WARN_OBJC_ROOT_CLASS = YES_ERROR;
				CLANG_WARN_QUOTED_INCLUDE_IN_FRAMEWORK_HEADER = YES;
				CLANG_WARN_RANGE_LOOP_ANALYSIS = YES;
				CLANG_WARN_STRICT_PROTOTYPES = YES;
				CLANG_WARN_SUSPICIOUS_MOVE = YES;
				CLANG_WARN_UNGUARDED_AVAILABILITY = YES_AGGRESSIVE;
				CLANG_WARN_UNREACHABLE_CODE = YES;
				CLANG_WARN__DUPLICATE_METHOD_MATCH = YES;
				COPY_PHASE_STRIP = NO;
				DEBUG_INFORMATION_FORMAT = "dwarf-with-dsym";
				ENABLE_NS_ASSERTIONS = NO;
				ENABLE_STRICT_OBJC_MSGSEND = YES;
				GCC_C_LANGUAGE_STANDARD = gnu11;
				GCC_NO_COMMON_BLOCKS = YES;
				GCC_WARN_64_TO_32_BIT_CONVERSION = YES;
				GCC_WARN_ABOUT_RETURN_TYPE = YES_ERROR;
				GCC_WARN_UNDECLARED_SELECTOR = YES;
				GCC_WARN_UNINITIALIZED_AUTOS = YES_AGGRESSIVE;
				GCC_WARN_UNUSED_FUNCTION = YES;
				GCC_WARN_UNUSED_VARIABLE = YES;
				IPHONEOS_DEPLOYMENT_TARGET = 15.5;
				MTL_ENABLE_DEBUG_INFO = NO;
				MTL_FAST_MATH = YES;
				SDKROOT = iphoneos;
				SWIFT_COMPILATION_MODE = wholemodule;
				SWIFT_OPTIMIZATION_LEVEL = "-O";
				VALIDATE_PRODUCT = YES;
			};
			name = Release;
		};
		5B9A6F1C2855D8210068CECA /* Debug */ = {
			isa = XCBuildConfiguration;
			buildSettings = {
				ASSETCATALOG_COMPILER_APPICON_NAME = AppIcon;
				ASSETCATALOG_COMPILER_GLOBAL_ACCENT_COLOR_NAME = AccentColor;
				CODE_SIGN_STYLE = Automatic;
				CURRENT_PROJECT_VERSION = 1;
				DEVELOPMENT_ASSET_PATHS = "\"ToDo/Preview Content\"";
				DEVELOPMENT_TEAM = R7B2Y45548;
				ENABLE_PREVIEWS = YES;
				GENERATE_INFOPLIST_FILE = YES;
				INFOPLIST_KEY_UIApplicationSceneManifest_Generation = YES;
				INFOPLIST_KEY_UIApplicationSupportsIndirectInputEvents = YES;
				INFOPLIST_KEY_UILaunchScreen_Generation = YES;
				INFOPLIST_KEY_UILaunchStoryboardName = "Launch Screen";
				INFOPLIST_KEY_UISupportedInterfaceOrientations_iPad = "UIInterfaceOrientationPortrait UIInterfaceOrientationPortraitUpsideDown UIInterfaceOrientationLandscapeLeft UIInterfaceOrientationLandscapeRight";
				INFOPLIST_KEY_UISupportedInterfaceOrientations_iPhone = "UIInterfaceOrientationPortrait UIInterfaceOrientationLandscapeLeft UIInterfaceOrientationLandscapeRight";
				LD_RUNPATH_SEARCH_PATHS = (
					"$(inherited)",
					"@executable_path/Frameworks",
				);
				MARKETING_VERSION = 1.0;
				PRODUCT_BUNDLE_IDENTIFIER = one.ToDo;
				PRODUCT_NAME = "$(TARGET_NAME)";
				SWIFT_EMIT_LOC_STRINGS = YES;
				SWIFT_VERSION = 5.0;
				TARGETED_DEVICE_FAMILY = "1,2";
			};
			name = Debug;
		};
		5B9A6F1D2855D8210068CECA /* Release */ = {
			isa = XCBuildConfiguration;
			buildSettings = {
				ASSETCATALOG_COMPILER_APPICON_NAME = AppIcon;
				ASSETCATALOG_COMPILER_GLOBAL_ACCENT_COLOR_NAME = AccentColor;
				CODE_SIGN_STYLE = Automatic;
				CURRENT_PROJECT_VERSION = 1;
				DEVELOPMENT_ASSET_PATHS = "\"ToDo/Preview Content\"";
				DEVELOPMENT_TEAM = R7B2Y45548;
				ENABLE_PREVIEWS = YES;
				GENERATE_INFOPLIST_FILE = YES;
				INFOPLIST_KEY_UIApplicationSceneManifest_Generation = YES;
				INFOPLIST_KEY_UIApplicationSupportsIndirectInputEvents = YES;
				INFOPLIST_KEY_UILaunchScreen_Generation = YES;
				INFOPLIST_KEY_UILaunchStoryboardName = "Launch Screen";
				INFOPLIST_KEY_UISupportedInterfaceOrientations_iPad = "UIInterfaceOrientationPortrait UIInterfaceOrientationPortraitUpsideDown UIInterfaceOrientationLandscapeLeft UIInterfaceOrientationLandscapeRight";
				INFOPLIST_KEY_UISupportedInterfaceOrientations_iPhone = "UIInterfaceOrientationPortrait UIInterfaceOrientationLandscapeLeft UIInterfaceOrientationLandscapeRight";
				LD_RUNPATH_SEARCH_PATHS = (
					"$(inherited)",
					"@executable_path/Frameworks",
				);
				MARKETING_VERSION = 1.0;
				PRODUCT_BUNDLE_IDENTIFIER = one.ToDo;
				PRODUCT_NAME = "$(TARGET_NAME)";
				SWIFT_EMIT_LOC_STRINGS = YES;
				SWIFT_VERSION = 5.0;
				TARGETED_DEVICE_FAMILY = "1,2";
			};
			name = Release;
		};
/* End XCBuildConfiguration section */

/* Begin XCConfigurationList section */
		5B9A6F082855D81F0068CECA /* Build configuration list for PBXProject "ToDo" */ = {
			isa = XCConfigurationList;
			buildConfigurations = (
				5B9A6F192855D8210068CECA /* Debug */,
				5B9A6F1A2855D8210068CECA /* Release */,
			);
			defaultConfigurationIsVisible = 0;
			defaultConfigurationName = Release;
		};
		5B9A6F1B2855D8210068CECA /* Build configuration list for PBXNativeTarget "ToDo" */ = {
			isa = XCConfigurationList;
			buildConfigurations = (
				5B9A6F1C2855D8210068CECA /* Debug */,
				5B9A6F1D2855D8210068CECA /* Release */,
			);
			defaultConfigurationIsVisible = 0;
			defaultConfigurationName = Release;
		};
/* End XCConfigurationList section */

/* Begin XCRemoteSwiftPackageReference section */
		5B9A6F202855DAE90068CECA /* XCRemoteSwiftPackageReference "realm-swift" */ = {
			isa = XCRemoteSwiftPackageReference;
			repositoryURL = "https://github.com/realm/realm-swift.git";
			requirement = {
				kind = upToNextMajorVersion;
				minimumVersion = 10.10.0;
			};
		};
/* End XCRemoteSwiftPackageReference section */

/* Begin XCSwiftPackageProductDependency section */
		5B9A6F212855DAE90068CECA /* Realm */ = {
			isa = XCSwiftPackageProductDependency;
			package = 5B9A6F202855DAE90068CECA /* XCRemoteSwiftPackageReference "realm-swift" */;
			productName = Realm;
		};
		5B9A6F232855DAE90068CECA /* RealmSwift */ = {
			isa = XCSwiftPackageProductDependency;
			package = 5B9A6F202855DAE90068CECA /* XCRemoteSwiftPackageReference "realm-swift" */;
			productName = RealmSwift;
		};
/* End XCSwiftPackageProductDependency section */
	};
	rootObject = 5B9A6F052855D81F0068CECA /* Project object */;
}
